{
  "name": "a-consumer",
  "version": "0.0.0",
  "lockfileVersion": 2,
  "requires": true,
  "packages": {
    "": {
      "version": "0.0.0",
      "license": "MIT",
      "dependencies": {
        "another-dependency": "^0.1.1"
      }
    },
    "node_modules/another-dependency": {
      "version": "0.1.2",
      "resolved": "https://registry.npmjs.org/another-dependency/-/another-dependency-0.1.2.tgz",
      "integrity": "sha512-GmUVfJkqnNA/lXJIz663EDZ0seBB/EOG+uBUYJw22hpiiad8FprNyyG+Qppo6C5b7WbZOHZjaqR0WDO5IuAWew=="
    }
  },
  "dependencies": {
    "another-dependency": {
      "version": "0.1.2",
      "resolved": "https://registry.npmjs.org/another-dependency/-/another-dependency-0.1.2.tgz",
      "integrity": "sha512-GmUVfJkqnNA/lXJIz663EDZ0seBB/EOG+uBUYJw22hpiiad8FprNyyG+Qppo6C5b7WbZOHZjaqR0WDO5IuAWew=="
    }
  }
}
